
Microsoft Visual Studio Solution File, Format Version 12.00
# Visual Studio 15
VisualStudioVersion = 15.0.28307.645
MinimumVisualStudioVersion = 10.0.40219.1
Project("{9A19103F-16F7-4668-BE54-9A1E7A4F7556}") = "MineCase.Gateway", "MineCase.Gateway\MineCase.Gateway.csproj", "{D43E9B39-0267-4C6C-A9B9-032B47EF0678}"
	ProjectSection(ProjectDependencies) = postProject
		{F8A43438-85F8-4C18-82B7-7250D5A87778} = {F8A43438-85F8-4C18-82B7-7250D5A87778}
	EndProjectSection
EndProject
Project("{9A19103F-16F7-4668-BE54-9A1E7A4F7556}") = "MineCase.Server", "MineCase.Server\MineCase.Server.csproj", "{4BBD4D2B-128D-438B-8999-DA3347B448A4}"
	ProjectSection(ProjectDependencies) = postProject
		{7D8D1928-0881-4C96-9F2B-CCF574EB34B2} = {7D8D1928-0881-4C96-9F2B-CCF574EB34B2}
		{F8A43438-85F8-4C18-82B7-7250D5A87778} = {F8A43438-85F8-4C18-82B7-7250D5A87778}
	EndProjectSection
EndProject
Project("{9A19103F-16F7-4668-BE54-9A1E7A4F7556}") = "MineCase.Server.Grains", "MineCase.Server.Grains\MineCase.Server.Grains.csproj", "{7D8D1928-0881-4C96-9F2B-CCF574EB34B2}"
	ProjectSection(ProjectDependencies) = postProject
		{F8A43438-85F8-4C18-82B7-7250D5A87778} = {F8A43438-85F8-4C18-82B7-7250D5A87778}
	EndProjectSection
EndProject
Project("{9A19103F-16F7-4668-BE54-9A1E7A4F7556}") = "MineCase.Server.Interfaces", "MineCase.Server.Interfaces\MineCase.Server.Interfaces.csproj", "{F8A43438-85F8-4C18-82B7-7250D5A87778}"
EndProject
Project("{2150E333-8FDC-42A3-9474-1A3956D46DE8}") = "Common", "Common", "{2F824C14-4453-443F-9603-0A042C6DB4F7}"
EndProject
Project("{2150E333-8FDC-42A3-9474-1A3956D46DE8}") = "Server", "Server", "{66D961CA-776F-4181-8F27-16D464B4514C}"
EndProject
Project("{2150E333-8FDC-42A3-9474-1A3956D46DE8}") = "Client", "Client", "{96E9F43D-37B3-46A6-A314-DBF2A80267B3}"
EndProject
Project("{9A19103F-16F7-4668-BE54-9A1E7A4F7556}") = "MineCase.Core", "MineCase.Core\MineCase.Core.csproj", "{96EAEA39-F37A-4571-BB28-B7D9BF693138}"
EndProject
Project("{FAE04EC0-301F-11D3-BF4B-00C04F79EFBC}") = "MineCase.Protocol", "MineCase.Protocol\MineCase.Protocol.csproj", "{2B904789-EC33-493E-A7C9-062C54EA0404}"
EndProject
Global
	GlobalSection(SolutionConfigurationPlatforms) = preSolution
		Debug|Any CPU = Debug|Any CPU
		Debug|x64 = Debug|x64
		Debug|x86 = Debug|x86
		Release|Any CPU = Release|Any CPU
		Release|x64 = Release|x64
		Release|x86 = Release|x86
	EndGlobalSection
	GlobalSection(ProjectConfigurationPlatforms) = postSolution
		{D43E9B39-0267-4C6C-A9B9-032B47EF0678}.Debug|Any CPU.ActiveCfg = Debug|Any CPU
		{D43E9B39-0267-4C6C-A9B9-032B47EF0678}.Debug|Any CPU.Build.0 = Debug|Any CPU
		{D43E9B39-0267-4C6C-A9B9-032B47EF0678}.Debug|x64.ActiveCfg = Debug|Any CPU
		{D43E9B39-0267-4C6C-A9B9-032B47EF0678}.Debug|x64.Build.0 = Debug|Any CPU
		{D43E9B39-0267-4C6C-A9B9-032B47EF0678}.Debug|x86.ActiveCfg = Debug|Any CPU
		{D43E9B39-0267-4C6C-A9B9-032B47EF0678}.Debug|x86.Build.0 = Debug|Any CPU
		{D43E9B39-0267-4C6C-A9B9-032B47EF0678}.Release|Any CPU.ActiveCfg = Release|Any CPU
		{D43E9B39-0267-4C6C-A9B9-032B47EF0678}.Release|Any CPU.Build.0 = Release|Any CPU
		{D43E9B39-0267-4C6C-A9B9-032B47EF0678}.Release|x64.ActiveCfg = Release|Any CPU
		{D43E9B39-0267-4C6C-A9B9-032B47EF0678}.Release|x64.Build.0 = Release|Any CPU
		{D43E9B39-0267-4C6C-A9B9-032B47EF0678}.Release|x86.ActiveCfg = Release|Any CPU
		{D43E9B39-0267-4C6C-A9B9-032B47EF0678}.Release|x86.Build.0 = Release|Any CPU
		{4BBD4D2B-128D-438B-8999-DA3347B448A4}.Debug|Any CPU.ActiveCfg = Debug|Any CPU
		{4BBD4D2B-128D-438B-8999-DA3347B448A4}.Debug|Any CPU.Build.0 = Debug|Any CPU
		{4BBD4D2B-128D-438B-8999-DA3347B448A4}.Debug|x64.ActiveCfg = Debug|Any CPU
		{4BBD4D2B-128D-438B-8999-DA3347B448A4}.Debug|x64.Build.0 = Debug|Any CPU
		{4BBD4D2B-128D-438B-8999-DA3347B448A4}.Debug|x86.ActiveCfg = Debug|Any CPU
		{4BBD4D2B-128D-438B-8999-DA3347B448A4}.Debug|x86.Build.0 = Debug|Any CPU
		{4BBD4D2B-128D-438B-8999-DA3347B448A4}.Release|Any CPU.ActiveCfg = Release|Any CPU
		{4BBD4D2B-128D-438B-8999-DA3347B448A4}.Release|Any CPU.Build.0 = Release|Any CPU
		{4BBD4D2B-128D-438B-8999-DA3347B448A4}.Release|x64.ActiveCfg = Release|Any CPU
		{4BBD4D2B-128D-438B-8999-DA3347B448A4}.Release|x64.Build.0 = Release|Any CPU
		{4BBD4D2B-128D-438B-8999-DA3347B448A4}.Release|x86.ActiveCfg = Release|Any CPU
		{4BBD4D2B-128D-438B-8999-DA3347B448A4}.Release|x86.Build.0 = Release|Any CPU
		{7D8D1928-0881-4C96-9F2B-CCF574EB34B2}.Debug|Any CPU.ActiveCfg = Debug|Any CPU
		{7D8D1928-0881-4C96-9F2B-CCF574EB34B2}.Debug|Any CPU.Build.0 = Debug|Any CPU
		{7D8D1928-0881-4C96-9F2B-CCF574EB34B2}.Debug|x64.ActiveCfg = Debug|Any CPU
		{7D8D1928-0881-4C96-9F2B-CCF574EB34B2}.Debug|x64.Build.0 = Debug|Any CPU
		{7D8D1928-0881-4C96-9F2B-CCF574EB34B2}.Debug|x86.ActiveCfg = Debug|Any CPU
		{7D8D1928-0881-4C96-9F2B-CCF574EB34B2}.Debug|x86.Build.0 = Debug|Any CPU
		{7D8D1928-0881-4C96-9F2B-CCF574EB34B2}.Release|Any CPU.ActiveCfg = Release|Any CPU
		{7D8D1928-0881-4C96-9F2B-CCF574EB34B2}.Release|Any CPU.Build.0 = Release|Any CPU
		{7D8D1928-0881-4C96-9F2B-CCF574EB34B2}.Release|x64.ActiveCfg = Release|Any CPU
		{7D8D1928-0881-4C96-9F2B-CCF574EB34B2}.Release|x64.Build.0 = Release|Any CPU
		{7D8D1928-0881-4C96-9F2B-CCF574EB34B2}.Release|x86.ActiveCfg = Release|Any CPU
		{7D8D1928-0881-4C96-9F2B-CCF574EB34B2}.Release|x86.Build.0 = Release|Any CPU
		{F8A43438-85F8-4C18-82B7-7250D5A87778}.Debug|Any CPU.ActiveCfg = Debug|Any CPU
		{F8A43438-85F8-4C18-82B7-7250D5A87778}.Debug|Any CPU.Build.0 = Debug|Any CPU
		{F8A43438-85F8-4C18-82B7-7250D5A87778}.Debug|x64.ActiveCfg = Debug|Any CPU
		{F8A43438-85F8-4C18-82B7-7250D5A87778}.Debug|x64.Build.0 = Debug|Any CPU
		{F8A43438-85F8-4C18-82B7-7250D5A87778}.Debug|x86.ActiveCfg = Debug|Any CPU
		{F8A43438-85F8-4C18-82B7-7250D5A87778}.Debug|x86.Build.0 = Debug|Any CPU
		{F8A43438-85F8-4C18-82B7-7250D5A87778}.Release|Any CPU.ActiveCfg = Release|Any CPU
		{F8A43438-85F8-4C18-82B7-7250D5A87778}.Release|Any CPU.Build.0 = Release|Any CPU
		{F8A43438-85F8-4C18-82B7-7250D5A87778}.Release|x64.ActiveCfg = Release|Any CPU
		{F8A43438-85F8-4C18-82B7-7250D5A87778}.Release|x64.Build.0 = Release|Any CPU
		{F8A43438-85F8-4C18-82B7-7250D5A87778}.Release|x86.ActiveCfg = Release|Any CPU
		{F8A43438-85F8-4C18-82B7-7250D5A87778}.Release|x86.Build.0 = Release|Any CPU
		{96EAEA39-F37A-4571-BB28-B7D9BF693138}.Debug|Any CPU.ActiveCfg = Debug|Any CPU
		{96EAEA39-F37A-4571-BB28-B7D9BF693138}.Debug|Any CPU.Build.0 = Debug|Any CPU
		{96EAEA39-F37A-4571-BB28-B7D9BF693138}.Debug|x64.ActiveCfg = Debug|Any CPU
		{96EAEA39-F37A-4571-BB28-B7D9BF693138}.Debug|x64.Build.0 = Debug|Any CPU
		{96EAEA39-F37A-4571-BB28-B7D9BF693138}.Debug|x86.ActiveCfg = Debug|Any CPU
		{96EAEA39-F37A-4571-BB28-B7D9BF693138}.Debug|x86.Build.0 = Debug|Any CPU
		{96EAEA39-F37A-4571-BB28-B7D9BF693138}.Release|Any CPU.ActiveCfg = Release|Any CPU
		{96EAEA39-F37A-4571-BB28-B7D9BF693138}.Release|Any CPU.Build.0 = Release|Any CPU
		{96EAEA39-F37A-4571-BB28-B7D9BF693138}.Release|x64.ActiveCfg = Release|Any CPU
		{96EAEA39-F37A-4571-BB28-B7D9BF693138}.Release|x64.Build.0 = Release|Any CPU
		{96EAEA39-F37A-4571-BB28-B7D9BF693138}.Release|x86.ActiveCfg = Release|Any CPU
		{96EAEA39-F37A-4571-BB28-B7D9BF693138}.Release|x86.Build.0 = Release|Any CPU
		{2B904789-EC33-493E-A7C9-062C54EA0404}.Debug|Any CPU.ActiveCfg = Debug|Any CPU
		{2B904789-EC33-493E-A7C9-062C54EA0404}.Debug|Any CPU.Build.0 = Debug|Any CPU
		{2B904789-EC33-493E-A7C9-062C54EA0404}.Debug|x64.ActiveCfg = Debug|Any CPU
		{2B904789-EC33-493E-A7C9-062C54EA0404}.Debug|x64.Build.0 = Debug|Any CPU
		{2B904789-EC33-493E-A7C9-062C54EA0404}.Debug|x86.ActiveCfg = Debug|Any CPU
		{2B904789-EC33-493E-A7C9-062C54EA0404}.Debug|x86.Build.0 = Debug|Any CPU
		{2B904789-EC33-493E-A7C9-062C54EA0404}.Release|Any CPU.ActiveCfg = Release|Any CPU
		{2B904789-EC33-493E-A7C9-062C54EA0404}.Release|Any CPU.Build.0 = Release|Any CPU
		{2B904789-EC33-493E-A7C9-062C54EA0404}.Release|x64.ActiveCfg = Release|Any CPU
		{2B904789-EC33-493E-A7C9-062C54EA0404}.Release|x64.Build.0 = Release|Any CPU
		{2B904789-EC33-493E-A7C9-062C54EA0404}.Release|x86.ActiveCfg = Release|Any CPU
		{2B904789-EC33-493E-A7C9-062C54EA0404}.Release|x86.Build.0 = Release|Any CPU
	EndGlobalSection
	GlobalSection(SolutionProperties) = preSolution
		HideSolutionNode = FALSE
	EndGlobalSection
	GlobalSection(NestedProjects) = preSolution
		{D43E9B39-0267-4C6C-A9B9-032B47EF0678} = {66D961CA-776F-4181-8F27-16D464B4514C}
		{4BBD4D2B-128D-438B-8999-DA3347B448A4} = {66D961CA-776F-4181-8F27-16D464B4514C}
		{7D8D1928-0881-4C96-9F2B-CCF574EB34B2} = {66D961CA-776F-4181-8F27-16D464B4514C}
		{F8A43438-85F8-4C18-82B7-7250D5A87778} = {66D961CA-776F-4181-8F27-16D464B4514C}
		{96EAEA39-F37A-4571-BB28-B7D9BF693138} = {2F824C14-4453-443F-9603-0A042C6DB4F7}
	EndGlobalSection
	GlobalSection(ExtensibilityGlobals) = postSolution
		SolutionGuid = {B112E92D-919D-4F5E-AD4D-79DE0DC815F3}
	EndGlobalSection
EndGlobal
