
Microsoft Visual Studio Solution File, Format Version 12.00
# Visual Studio 15
VisualStudioVersion = 15.0.27130.2003
MinimumVisualStudioVersion = 10.0.40219.1
Project("{9A19103F-16F7-4668-BE54-9A1E7A4F7556}") = "MineCase.Server", "MineCase.Server\MineCase.Server.csproj", "{8E71CBEC-5804-4125-B651-C78426E57C8C}"
EndProject
Project("{9A19103F-16F7-4668-BE54-9A1E7A4F7556}") = "MineCase.Gateway", "MineCase.Gateway\MineCase.Gateway.csproj", "{08B3641D-29F1-4E2B-BA88-84B2FFB436FF}"
EndProject
Project("{9A19103F-16F7-4668-BE54-9A1E7A4F7556}") = "MineCase.Protocol", "MineCase.Protocol\MineCase.Protocol.csproj", "{0842DE6C-4270-440E-9666-255A0B2EC1D9}"
EndProject
Project("{2150E333-8FDC-42A3-9474-1A3956D46DE8}") = "Private", "Private", "{59A25C6F-3315-4CE8-9016-B088C9AF3A86}"
EndProject
Project("{9A19103F-16F7-4668-BE54-9A1E7A4F7556}") = "MineCase.Server.Interfaces", "MineCase.Server.Interfaces\MineCase.Server.Interfaces.csproj", "{98454B69-800A-4DEB-8D13-1E244BF15507}"
EndProject
Project("{9A19103F-16F7-4668-BE54-9A1E7A4F7556}") = "MineCase.Server.Grains", "MineCase.Server.Grains\MineCase.Server.Grains.csproj", "{3F83DE42-121D-4E7A-AB27-825AD8179D3C}"
EndProject
Project("{9A19103F-16F7-4668-BE54-9A1E7A4F7556}") = "MineCase.UnitTest", "..\tests\UnitTest\MineCase.UnitTest.csproj", "{35618D69-85F0-4C38-8224-04A2D75825B6}"
EndProject
Project("{9A19103F-16F7-4668-BE54-9A1E7A4F7556}") = "MineCase.Nbt", "MineCase.Nbt\MineCase.Nbt.csproj", "{199335D6-9726-42E1-94F2-7D95932D4DDC}"
EndProject
Project("{2150E333-8FDC-42A3-9474-1A3956D46DE8}") = "build", "build", "{A0B013BF-4BEB-4044-AA59-A9ED3AFBF99D}"
	ProjectSection(SolutionItems) = preProject
		..\build\Analyzers.ruleset = ..\build\Analyzers.ruleset
		..\NuGet.config = ..\NuGet.config
		..\build\stylecop.json = ..\build\stylecop.json
	EndProjectSection
EndProject
Project("{9A19103F-16F7-4668-BE54-9A1E7A4F7556}") = "MineCase.Algorithm", "MineCase.Algorithm\MineCase.Algorithm.csproj", "{47C1F452-E59C-42E3-8799-BF09444D8384}"
EndProject
Project("{2150E333-8FDC-42A3-9474-1A3956D46DE8}") = "Tests", "Tests", "{D53C0015-5761-4018-A50A-63C919C00D35}"
EndProject
Project("{9A19103F-16F7-4668-BE54-9A1E7A4F7556}") = "MineCase.Core", "MineCase.Core\MineCase.Core.csproj", "{B7B1A959-72F3-42C6-B138-93C8D654F139}"
EndProject
Project("{2150E333-8FDC-42A3-9474-1A3956D46DE8}") = "data", "data", "{7DC8CDBD-087D-4F3C-B765-CA77783BECA5}"
	ProjectSection(SolutionItems) = preProject
		..\data\crafting.txt = ..\data\crafting.txt
		..\data\furnace.txt = ..\data\furnace.txt
	EndProjectSection
EndProject
Project("{9A19103F-16F7-4668-BE54-9A1E7A4F7556}") = "MineCase.Server.Engine", "MineCase.Engine\MineCase.Server.Engine.csproj", "{76AFDAE6-75F7-4E68-86CD-DE19CA47246B}"
EndProject
Project("{2150E333-8FDC-42A3-9474-1A3956D46DE8}") = "Server", "Server", "{1077810B-83FF-405E-94BD-95AFC284A416}"
EndProject
Project("{2150E333-8FDC-42A3-9474-1A3956D46DE8}") = "Common", "Common", "{CB620063-55E2-4694-B1E0-E99BB032BF03}"
EndProject
Project("{2150E333-8FDC-42A3-9474-1A3956D46DE8}") = "Client", "Client", "{5FE43A62-34E9-44CC-B5FF-D66EC916CFA1}"
EndProject
Project("{2150E333-8FDC-42A3-9474-1A3956D46DE8}") = "docker", "docker", "{C32ACBC4-BA67-488B-96CD-ED6CF3255767}"
EndProject
Project("{9A19103F-16F7-4668-BE54-9A1E7A4F7556}") = "MineCase.Serialization", "MineCase.Serialization\MineCase.Serialization.csproj", "{AA85C7DA-31CB-499B-A74F-CF4FDC8EF669}"
EndProject
Global
	GlobalSection(SolutionConfigurationPlatforms) = preSolution
		Appveyor|Any CPU = Appveyor|Any CPU
		Debug|Any CPU = Debug|Any CPU
		Release|Any CPU = Release|Any CPU
		TravisCI|Any CPU = TravisCI|Any CPU
	EndGlobalSection
	GlobalSection(ProjectConfigurationPlatforms) = postSolution
		{8E71CBEC-5804-4125-B651-C78426E57C8C}.Appveyor|Any CPU.ActiveCfg = Appveyor|Any CPU
		{8E71CBEC-5804-4125-B651-C78426E57C8C}.Appveyor|Any CPU.Build.0 = Appveyor|Any CPU
		{8E71CBEC-5804-4125-B651-C78426E57C8C}.Debug|Any CPU.ActiveCfg = Debug|Any CPU
		{8E71CBEC-5804-4125-B651-C78426E57C8C}.Debug|Any CPU.Build.0 = Debug|Any CPU
		{8E71CBEC-5804-4125-B651-C78426E57C8C}.Release|Any CPU.ActiveCfg = Release|Any CPU
		{8E71CBEC-5804-4125-B651-C78426E57C8C}.Release|Any CPU.Build.0 = Release|Any CPU
		{8E71CBEC-5804-4125-B651-C78426E57C8C}.TravisCI|Any CPU.ActiveCfg = TravisCI|Any CPU
		{8E71CBEC-5804-4125-B651-C78426E57C8C}.TravisCI|Any CPU.Build.0 = TravisCI|Any CPU
		{08B3641D-29F1-4E2B-BA88-84B2FFB436FF}.Appveyor|Any CPU.ActiveCfg = Appveyor|Any CPU
		{08B3641D-29F1-4E2B-BA88-84B2FFB436FF}.Appveyor|Any CPU.Build.0 = Appveyor|Any CPU
		{08B3641D-29F1-4E2B-BA88-84B2FFB436FF}.Debug|Any CPU.ActiveCfg = Debug|Any CPU
		{08B3641D-29F1-4E2B-BA88-84B2FFB436FF}.Debug|Any CPU.Build.0 = Debug|Any CPU
		{08B3641D-29F1-4E2B-BA88-84B2FFB436FF}.Release|Any CPU.ActiveCfg = Release|Any CPU
		{08B3641D-29F1-4E2B-BA88-84B2FFB436FF}.Release|Any CPU.Build.0 = Release|Any CPU
		{08B3641D-29F1-4E2B-BA88-84B2FFB436FF}.TravisCI|Any CPU.ActiveCfg = TravisCI|Any CPU
		{08B3641D-29F1-4E2B-BA88-84B2FFB436FF}.TravisCI|Any CPU.Build.0 = TravisCI|Any CPU
		{0842DE6C-4270-440E-9666-255A0B2EC1D9}.Appveyor|Any CPU.ActiveCfg = Appveyor|Any CPU
		{0842DE6C-4270-440E-9666-255A0B2EC1D9}.Appveyor|Any CPU.Build.0 = Appveyor|Any CPU
		{0842DE6C-4270-440E-9666-255A0B2EC1D9}.Debug|Any CPU.ActiveCfg = Debug|Any CPU
		{0842DE6C-4270-440E-9666-255A0B2EC1D9}.Debug|Any CPU.Build.0 = Debug|Any CPU
		{0842DE6C-4270-440E-9666-255A0B2EC1D9}.Release|Any CPU.ActiveCfg = Release|Any CPU
		{0842DE6C-4270-440E-9666-255A0B2EC1D9}.Release|Any CPU.Build.0 = Release|Any CPU
		{0842DE6C-4270-440E-9666-255A0B2EC1D9}.TravisCI|Any CPU.ActiveCfg = TravisCI|Any CPU
		{0842DE6C-4270-440E-9666-255A0B2EC1D9}.TravisCI|Any CPU.Build.0 = TravisCI|Any CPU
		{98454B69-800A-4DEB-8D13-1E244BF15507}.Appveyor|Any CPU.ActiveCfg = Appveyor|Any CPU
		{98454B69-800A-4DEB-8D13-1E244BF15507}.Appveyor|Any CPU.Build.0 = Appveyor|Any CPU
		{98454B69-800A-4DEB-8D13-1E244BF15507}.Debug|Any CPU.ActiveCfg = Debug|Any CPU
		{98454B69-800A-4DEB-8D13-1E244BF15507}.Debug|Any CPU.Build.0 = Debug|Any CPU
		{98454B69-800A-4DEB-8D13-1E244BF15507}.Release|Any CPU.ActiveCfg = Release|Any CPU
		{98454B69-800A-4DEB-8D13-1E244BF15507}.Release|Any CPU.Build.0 = Release|Any CPU
		{98454B69-800A-4DEB-8D13-1E244BF15507}.TravisCI|Any CPU.ActiveCfg = TravisCI|Any CPU
		{98454B69-800A-4DEB-8D13-1E244BF15507}.TravisCI|Any CPU.Build.0 = TravisCI|Any CPU
		{3F83DE42-121D-4E7A-AB27-825AD8179D3C}.Appveyor|Any CPU.ActiveCfg = Appveyor|Any CPU
		{3F83DE42-121D-4E7A-AB27-825AD8179D3C}.Appveyor|Any CPU.Build.0 = Appveyor|Any CPU
		{3F83DE42-121D-4E7A-AB27-825AD8179D3C}.Debug|Any CPU.ActiveCfg = Debug|Any CPU
		{3F83DE42-121D-4E7A-AB27-825AD8179D3C}.Debug|Any CPU.Build.0 = Debug|Any CPU
		{3F83DE42-121D-4E7A-AB27-825AD8179D3C}.Release|Any CPU.ActiveCfg = Release|Any CPU
		{3F83DE42-121D-4E7A-AB27-825AD8179D3C}.Release|Any CPU.Build.0 = Release|Any CPU
		{3F83DE42-121D-4E7A-AB27-825AD8179D3C}.TravisCI|Any CPU.ActiveCfg = TravisCI|Any CPU
		{3F83DE42-121D-4E7A-AB27-825AD8179D3C}.TravisCI|Any CPU.Build.0 = TravisCI|Any CPU
		{35618D69-85F0-4C38-8224-04A2D75825B6}.Appveyor|Any CPU.ActiveCfg = Appveyor|Any CPU
		{35618D69-85F0-4C38-8224-04A2D75825B6}.Appveyor|Any CPU.Build.0 = Appveyor|Any CPU
		{35618D69-85F0-4C38-8224-04A2D75825B6}.Debug|Any CPU.ActiveCfg = Debug|Any CPU
		{35618D69-85F0-4C38-8224-04A2D75825B6}.Debug|Any CPU.Build.0 = Debug|Any CPU
		{35618D69-85F0-4C38-8224-04A2D75825B6}.Release|Any CPU.ActiveCfg = Release|Any CPU
		{35618D69-85F0-4C38-8224-04A2D75825B6}.Release|Any CPU.Build.0 = Release|Any CPU
		{35618D69-85F0-4C38-8224-04A2D75825B6}.TravisCI|Any CPU.ActiveCfg = TravisCI|Any CPU
		{35618D69-85F0-4C38-8224-04A2D75825B6}.TravisCI|Any CPU.Build.0 = TravisCI|Any CPU
		{199335D6-9726-42E1-94F2-7D95932D4DDC}.Appveyor|Any CPU.ActiveCfg = Appveyor|Any CPU
		{199335D6-9726-42E1-94F2-7D95932D4DDC}.Appveyor|Any CPU.Build.0 = Appveyor|Any CPU
		{199335D6-9726-42E1-94F2-7D95932D4DDC}.Debug|Any CPU.ActiveCfg = Debug|Any CPU
		{199335D6-9726-42E1-94F2-7D95932D4DDC}.Debug|Any CPU.Build.0 = Debug|Any CPU
		{199335D6-9726-42E1-94F2-7D95932D4DDC}.Release|Any CPU.ActiveCfg = Release|Any CPU
		{199335D6-9726-42E1-94F2-7D95932D4DDC}.Release|Any CPU.Build.0 = Release|Any CPU
		{199335D6-9726-42E1-94F2-7D95932D4DDC}.TravisCI|Any CPU.ActiveCfg = TravisCI|Any CPU
		{199335D6-9726-42E1-94F2-7D95932D4DDC}.TravisCI|Any CPU.Build.0 = TravisCI|Any CPU
		{47C1F452-E59C-42E3-8799-BF09444D8384}.Appveyor|Any CPU.ActiveCfg = Appveyor|Any CPU
		{47C1F452-E59C-42E3-8799-BF09444D8384}.Appveyor|Any CPU.Build.0 = Appveyor|Any CPU
		{47C1F452-E59C-42E3-8799-BF09444D8384}.Debug|Any CPU.ActiveCfg = Debug|Any CPU
		{47C1F452-E59C-42E3-8799-BF09444D8384}.Debug|Any CPU.Build.0 = Debug|Any CPU
		{47C1F452-E59C-42E3-8799-BF09444D8384}.Release|Any CPU.ActiveCfg = Release|Any CPU
		{47C1F452-E59C-42E3-8799-BF09444D8384}.Release|Any CPU.Build.0 = Release|Any CPU
		{47C1F452-E59C-42E3-8799-BF09444D8384}.TravisCI|Any CPU.ActiveCfg = TravisCI|Any CPU
		{47C1F452-E59C-42E3-8799-BF09444D8384}.TravisCI|Any CPU.Build.0 = TravisCI|Any CPU
		{B7B1A959-72F3-42C6-B138-93C8D654F139}.Appveyor|Any CPU.ActiveCfg = Appveyor|Any CPU
		{B7B1A959-72F3-42C6-B138-93C8D654F139}.Appveyor|Any CPU.Build.0 = Appveyor|Any CPU
		{B7B1A959-72F3-42C6-B138-93C8D654F139}.Debug|Any CPU.ActiveCfg = Debug|Any CPU
		{B7B1A959-72F3-42C6-B138-93C8D654F139}.Debug|Any CPU.Build.0 = Debug|Any CPU
		{B7B1A959-72F3-42C6-B138-93C8D654F139}.Release|Any CPU.ActiveCfg = Release|Any CPU
		{B7B1A959-72F3-42C6-B138-93C8D654F139}.Release|Any CPU.Build.0 = Release|Any CPU
		{B7B1A959-72F3-42C6-B138-93C8D654F139}.TravisCI|Any CPU.ActiveCfg = TravisCI|Any CPU
		{B7B1A959-72F3-42C6-B138-93C8D654F139}.TravisCI|Any CPU.Build.0 = TravisCI|Any CPU
		{76AFDAE6-75F7-4E68-86CD-DE19CA47246B}.Appveyor|Any CPU.ActiveCfg = Appveyor|Any CPU
		{76AFDAE6-75F7-4E68-86CD-DE19CA47246B}.Appveyor|Any CPU.Build.0 = Appveyor|Any CPU
		{76AFDAE6-75F7-4E68-86CD-DE19CA47246B}.Debug|Any CPU.ActiveCfg = Debug|Any CPU
		{76AFDAE6-75F7-4E68-86CD-DE19CA47246B}.Debug|Any CPU.Build.0 = Debug|Any CPU
		{76AFDAE6-75F7-4E68-86CD-DE19CA47246B}.Release|Any CPU.ActiveCfg = Release|Any CPU
		{76AFDAE6-75F7-4E68-86CD-DE19CA47246B}.Release|Any CPU.Build.0 = Release|Any CPU
		{76AFDAE6-75F7-4E68-86CD-DE19CA47246B}.TravisCI|Any CPU.ActiveCfg = TravisCI|Any CPU
		{76AFDAE6-75F7-4E68-86CD-DE19CA47246B}.TravisCI|Any CPU.Build.0 = TravisCI|Any CPU
		{AA85C7DA-31CB-499B-A74F-CF4FDC8EF669}.Appveyor|Any CPU.ActiveCfg = Appveyor|Any CPU
		{AA85C7DA-31CB-499B-A74F-CF4FDC8EF669}.Appveyor|Any CPU.Build.0 = Appveyor|Any CPU
		{AA85C7DA-31CB-499B-A74F-CF4FDC8EF669}.Debug|Any CPU.ActiveCfg = Debug|Any CPU
		{AA85C7DA-31CB-499B-A74F-CF4FDC8EF669}.Debug|Any CPU.Build.0 = Debug|Any CPU
		{AA85C7DA-31CB-499B-A74F-CF4FDC8EF669}.Release|Any CPU.ActiveCfg = Release|Any CPU
		{AA85C7DA-31CB-499B-A74F-CF4FDC8EF669}.Release|Any CPU.Build.0 = Release|Any CPU
		{AA85C7DA-31CB-499B-A74F-CF4FDC8EF669}.TravisCI|Any CPU.ActiveCfg = TravisCI|Any CPU
		{AA85C7DA-31CB-499B-A74F-CF4FDC8EF669}.TravisCI|Any CPU.Build.0 = TravisCI|Any CPU
	EndGlobalSection
	GlobalSection(SolutionProperties) = preSolution
		HideSolutionNode = FALSE
	EndGlobalSection
	GlobalSection(NestedProjects) = preSolution
		{8E71CBEC-5804-4125-B651-C78426E57C8C} = {1077810B-83FF-405E-94BD-95AFC284A416}
		{08B3641D-29F1-4E2B-BA88-84B2FFB436FF} = {1077810B-83FF-405E-94BD-95AFC284A416}
		{0842DE6C-4270-440E-9666-255A0B2EC1D9} = {CB620063-55E2-4694-B1E0-E99BB032BF03}
		{98454B69-800A-4DEB-8D13-1E244BF15507} = {1077810B-83FF-405E-94BD-95AFC284A416}
		{3F83DE42-121D-4E7A-AB27-825AD8179D3C} = {1077810B-83FF-405E-94BD-95AFC284A416}
		{35618D69-85F0-4C38-8224-04A2D75825B6} = {D53C0015-5761-4018-A50A-63C919C00D35}
		{199335D6-9726-42E1-94F2-7D95932D4DDC} = {CB620063-55E2-4694-B1E0-E99BB032BF03}
		{47C1F452-E59C-42E3-8799-BF09444D8384} = {CB620063-55E2-4694-B1E0-E99BB032BF03}
		{B7B1A959-72F3-42C6-B138-93C8D654F139} = {CB620063-55E2-4694-B1E0-E99BB032BF03}
		{76AFDAE6-75F7-4E68-86CD-DE19CA47246B} = {1077810B-83FF-405E-94BD-95AFC284A416}
		{AA85C7DA-31CB-499B-A74F-CF4FDC8EF669} = {CB620063-55E2-4694-B1E0-E99BB032BF03}
	EndGlobalSection
	GlobalSection(ExtensibilityGlobals) = postSolution
		SolutionGuid = {7AB995C3-E961-463C-8A55-3149C51761B5}
	EndGlobalSection
	GlobalSection(Performance) = preSolution
		HasPerformanceSessions = true
	EndGlobalSection
	GlobalSection(Performance) = preSolution
		HasPerformanceSessions = true
	EndGlobalSection
EndGlobal
